{
  "requires": true,
  "lockfileVersion": 1,
  "dependencies": {
    "beautify.log": {
      "version": "2.1.2",
      "resolved": "https://registry.npmjs.org/beautify.log/-/beautify.log-2.1.2.tgz",
      "integrity": "sha512-Os8hmnh5iLrx8NjBO4uiA6TgfD4o05qTmtOjI7Xbbceg88A9+ia3jfzAM6SV01ZFLgE2oebTJeeq9X3ITqnh+g=="
    }
  }
}
